// !$*UTF8*$!
{
	archiveVersion = 1;
	classes = {
	};
	objectVersion = 51;
	objects = {

/* Begin PBXBuildFile section */
		299AD9582325A59E00CC6932 /* AppDelegate.swift in Sources */ = {isa = PBXBuildFile; fileRef = 299AD9572325A59E00CC6932 /* AppDelegate.swift */; };
		299AD95A2325A59E00CC6932 /* ViewController.swift in Sources */ = {isa = PBXBuildFile; fileRef = 299AD9592325A59E00CC6932 /* ViewController.swift */; };
		299AD95D2325A59E00CC6932 /* Main.storyboard in Resources */ = {isa = PBXBuildFile; fileRef = 299AD95B2325A59E00CC6932 /* Main.storyboard */; };
		299AD95F2325A59F00CC6932 /* Assets.xcassets in Resources */ = {isa = PBXBuildFile; fileRef = 299AD95E2325A59F00CC6932 /* Assets.xcassets */; };
		299AD9622325A59F00CC6932 /* LaunchScreen.storyboard in Resources */ = {isa = PBXBuildFile; fileRef = 299AD9602325A59F00CC6932 /* LaunchScreen.storyboard */; };
		299AD96D2325A59F00CC6932 /* MainViewModelTests.swift in Sources */ = {isa = PBXBuildFile; fileRef = 299AD96C2325A59F00CC6932 /* MainViewModelTests.swift */; };
		299AD9782325A59F00CC6932 /* StringToHiraganaiOSUITests.swift in Sources */ = {isa = PBXBuildFile; fileRef = 299AD9772325A59F00CC6932 /* StringToHiraganaiOSUITests.swift */; };
		299AD98F2325E66C00CC6932 /* key.plist in Resources */ = {isa = PBXBuildFile; fileRef = 299AD98E2325E66C00CC6932 /* key.plist */; };
		299AD9912325EC3300CC6932 /* GooAPI.swift in Sources */ = {isa = PBXBuildFile; fileRef = 299AD9902325EC3300CC6932 /* GooAPI.swift */; };
		299AD99A232605CC00CC6932 /* RxSwift.framework in Frameworks */ = {isa = PBXBuildFile; fileRef = 299AD996232605CC00CC6932 /* RxSwift.framework */; };
		299AD99B232605CC00CC6932 /* RxCocoa.framework in Frameworks */ = {isa = PBXBuildFile; fileRef = 299AD997232605CC00CC6932 /* RxCocoa.framework */; };
		299AD99C232605CC00CC6932 /* RxRelay.framework in Frameworks */ = {isa = PBXBuildFile; fileRef = 299AD998232605CC00CC6932 /* RxRelay.framework */; };
		299AD99D232605CC00CC6932 /* Reachability.framework in Frameworks */ = {isa = PBXBuildFile; fileRef = 299AD999232605CC00CC6932 /* Reachability.framework */; };
		299AD99F23271D4200CC6932 /* TranslateService.swift in Sources */ = {isa = PBXBuildFile; fileRef = 299AD99E23271D4200CC6932 /* TranslateService.swift */; };
		299AD9AB23283D3C00CC6932 /* Reachability.framework in CopyFiles */ = {isa = PBXBuildFile; fileRef = 299AD999232605CC00CC6932 /* Reachability.framework */; settings = {ATTRIBUTES = (CodeSignOnCopy, RemoveHeadersOnCopy, ); }; };
		299AD9AC23283D3C00CC6932 /* RxCocoa.framework in CopyFiles */ = {isa = PBXBuildFile; fileRef = 299AD997232605CC00CC6932 /* RxCocoa.framework */; settings = {ATTRIBUTES = (CodeSignOnCopy, RemoveHeadersOnCopy, ); }; };
		299AD9AD23283D3C00CC6932 /* RxRelay.framework in CopyFiles */ = {isa = PBXBuildFile; fileRef = 299AD998232605CC00CC6932 /* RxRelay.framework */; settings = {ATTRIBUTES = (CodeSignOnCopy, RemoveHeadersOnCopy, ); }; };
		299AD9AE23283D3C00CC6932 /* RxSwift.framework in CopyFiles */ = {isa = PBXBuildFile; fileRef = 299AD996232605CC00CC6932 /* RxSwift.framework */; settings = {ATTRIBUTES = (CodeSignOnCopy, RemoveHeadersOnCopy, ); }; };
		299AD9B523283E0600CC6932 /* Reachability.framework in Frameworks */ = {isa = PBXBuildFile; fileRef = 299AD999232605CC00CC6932 /* Reachability.framework */; };
		299AD9B623283E0600CC6932 /* RxCocoa.framework in Frameworks */ = {isa = PBXBuildFile; fileRef = 299AD997232605CC00CC6932 /* RxCocoa.framework */; };
		299AD9B723283E0600CC6932 /* RxRelay.framework in Frameworks */ = {isa = PBXBuildFile; fileRef = 299AD998232605CC00CC6932 /* RxRelay.framework */; };
		299AD9B823283E0600CC6932 /* RxSwift.framework in Frameworks */ = {isa = PBXBuildFile; fileRef = 299AD996232605CC00CC6932 /* RxSwift.framework */; };
		299AD9BA23283E2A00CC6932 /* RxBlocking.framework in Frameworks */ = {isa = PBXBuildFile; fileRef = 299AD9B923283E2A00CC6932 /* RxBlocking.framework */; };
		299AD9BB23283E3300CC6932 /* RxBlocking.framework in CopyFiles */ = {isa = PBXBuildFile; fileRef = 299AD9B923283E2A00CC6932 /* RxBlocking.framework */; settings = {ATTRIBUTES = (CodeSignOnCopy, RemoveHeadersOnCopy, ); }; };
		299AD9BE2328BBEF00CC6932 /* MainViewModel.swift in Sources */ = {isa = PBXBuildFile; fileRef = 299AD9BD2328BBEF00CC6932 /* MainViewModel.swift */; };
		299AD9C32328C15700CC6932 /* Result.storyboard in Resources */ = {isa = PBXBuildFile; fileRef = 299AD9C22328C15700CC6932 /* Result.storyboard */; };
		299AD9C52328C17700CC6932 /* ResultViewController.swift in Sources */ = {isa = PBXBuildFile; fileRef = 299AD9C42328C17700CC6932 /* ResultViewController.swift */; };
		299AD9CA2329835000CC6932 /* RxTest.framework in CopyFiles */ = {isa = PBXBuildFile; fileRef = 299AD9C72329830000CC6932 /* RxTest.framework */; settings = {ATTRIBUTES = (CodeSignOnCopy, RemoveHeadersOnCopy, ); }; };
		299AD9CE2329A2EB00CC6932 /* PKHUD.framework in Frameworks */ = {isa = PBXBuildFile; fileRef = 299AD9CD2329A2EA00CC6932 /* PKHUD.framework */; };
		299AD9D22329F1A600CC6932 /* BorderedButton.swift in Sources */ = {isa = PBXBuildFile; fileRef = 299AD9D12329F1A600CC6932 /* BorderedButton.swift */; };
		299AD9D4232B961200CC6932 /* MockTranslateService.swift in Sources */ = {isa = PBXBuildFile; fileRef = 299AD9D3232B961200CC6932 /* MockTranslateService.swift */; };
/* End PBXBuildFile section */

/* Begin PBXContainerItemProxy section */
		299AD9692325A59F00CC6932 /* PBXContainerItemProxy */ = {
			isa = PBXContainerItemProxy;
			containerPortal = 299AD94C2325A59E00CC6932 /* Project object */;
			proxyType = 1;
			remoteGlobalIDString = 299AD9532325A59E00CC6932;
			remoteInfo = StringToHiraganaiOS;
		};
		299AD9742325A59F00CC6932 /* PBXContainerItemProxy */ = {
			isa = PBXContainerItemProxy;
			containerPortal = 299AD94C2325A59E00CC6932 /* Project object */;
			proxyType = 1;
			remoteGlobalIDString = 299AD9532325A59E00CC6932;
			remoteInfo = StringToHiraganaiOS;
		};
/* End PBXContainerItemProxy section */

/* Begin PBXCopyFilesBuildPhase section */
		299AD9A023283CDE00CC6932 /* CopyFiles */ = {
			isa = PBXCopyFilesBuildPhase;
			buildActionMask = 2147483647;
			dstPath = "";
			dstSubfolderSpec = 10;
			files = (
				299AD9CA2329835000CC6932 /* RxTest.framework in CopyFiles */,
				299AD9AB23283D3C00CC6932 /* Reachability.framework in CopyFiles */,
				299AD9AC23283D3C00CC6932 /* RxCocoa.framework in CopyFiles */,
				299AD9AD23283D3C00CC6932 /* RxRelay.framework in CopyFiles */,
				299AD9AE23283D3C00CC6932 /* RxSwift.framework in CopyFiles */,
				299AD9BB23283E3300CC6932 /* RxBlocking.framework in CopyFiles */,
			);
			runOnlyForDeploymentPostprocessing = 0;
		};
/* End PBXCopyFilesBuildPhase section */

/* Begin PBXFileReference section */
		299AD9542325A59E00CC6932 /* StringToHiraganaiOS.app */ = {isa = PBXFileReference; explicitFileType = wrapper.application; includeInIndex = 0; path = StringToHiraganaiOS.app; sourceTree = BUILT_PRODUCTS_DIR; };
		299AD9572325A59E00CC6932 /* AppDelegate.swift */ = {isa = PBXFileReference; lastKnownFileType = sourcecode.swift; path = AppDelegate.swift; sourceTree = "<group>"; };
		299AD9592325A59E00CC6932 /* ViewController.swift */ = {isa = PBXFileReference; lastKnownFileType = sourcecode.swift; path = ViewController.swift; sourceTree = "<group>"; };
		299AD95C2325A59E00CC6932 /* Base */ = {isa = PBXFileReference; lastKnownFileType = file.storyboard; name = Base; path = Base.lproj/Main.storyboard; sourceTree = "<group>"; };
		299AD95E2325A59F00CC6932 /* Assets.xcassets */ = {isa = PBXFileReference; lastKnownFileType = folder.assetcatalog; path = Assets.xcassets; sourceTree = "<group>"; };
		299AD9612325A59F00CC6932 /* Base */ = {isa = PBXFileReference; lastKnownFileType = file.storyboard; name = Base; path = Base.lproj/LaunchScreen.storyboard; sourceTree = "<group>"; };
		299AD9632325A59F00CC6932 /* Info.plist */ = {isa = PBXFileReference; lastKnownFileType = text.plist.xml; path = Info.plist; sourceTree = "<group>"; };
		299AD9682325A59F00CC6932 /* StringToHiraganaiOSTests.xctest */ = {isa = PBXFileReference; explicitFileType = wrapper.cfbundle; includeInIndex = 0; path = StringToHiraganaiOSTests.xctest; sourceTree = BUILT_PRODUCTS_DIR; };
		299AD96C2325A59F00CC6932 /* MainViewModelTests.swift */ = {isa = PBXFileReference; lastKnownFileType = sourcecode.swift; path = MainViewModelTests.swift; sourceTree = "<group>"; };
		299AD96E2325A59F00CC6932 /* Info.plist */ = {isa = PBXFileReference; lastKnownFileType = text.plist.xml; path = Info.plist; sourceTree = "<group>"; };
		299AD9732325A59F00CC6932 /* StringToHiraganaiOSUITests.xctest */ = {isa = PBXFileReference; explicitFileType = wrapper.cfbundle; includeInIndex = 0; path = StringToHiraganaiOSUITests.xctest; sourceTree = BUILT_PRODUCTS_DIR; };
		299AD9772325A59F00CC6932 /* StringToHiraganaiOSUITests.swift */ = {isa = PBXFileReference; lastKnownFileType = sourcecode.swift; path = StringToHiraganaiOSUITests.swift; sourceTree = "<group>"; };
		299AD9792325A59F00CC6932 /* Info.plist */ = {isa = PBXFileReference; lastKnownFileType = text.plist.xml; path = Info.plist; sourceTree = "<group>"; };
		299AD98E2325E66C00CC6932 /* key.plist */ = {isa = PBXFileReference; lastKnownFileType = text.plist.xml; path = key.plist; sourceTree = "<group>"; };
		299AD9902325EC3300CC6932 /* GooAPI.swift */ = {isa = PBXFileReference; lastKnownFileType = sourcecode.swift; path = GooAPI.swift; sourceTree = "<group>"; };
		299AD9922326044300CC6932 /* input.xcfilelist */ = {isa = PBXFileReference; lastKnownFileType = text.xcfilelist; path = input.xcfilelist; sourceTree = "<group>"; };
		299AD9932326045500CC6932 /* output.xcfilelist */ = {isa = PBXFileReference; lastKnownFileType = text.xcfilelist; path = output.xcfilelist; sourceTree = "<group>"; };
		299AD996232605CC00CC6932 /* RxSwift.framework */ = {isa = PBXFileReference; lastKnownFileType = wrapper.framework; name = RxSwift.framework; path = Carthage/Build/iOS/RxSwift.framework; sourceTree = "<group>"; };
		299AD997232605CC00CC6932 /* RxCocoa.framework */ = {isa = PBXFileReference; lastKnownFileType = wrapper.framework; name = RxCocoa.framework; path = Carthage/Build/iOS/RxCocoa.framework; sourceTree = "<group>"; };
		299AD998232605CC00CC6932 /* RxRelay.framework */ = {isa = PBXFileReference; lastKnownFileType = wrapper.framework; name = RxRelay.framework; path = Carthage/Build/iOS/RxRelay.framework; sourceTree = "<group>"; };
		299AD999232605CC00CC6932 /* Reachability.framework */ = {isa = PBXFileReference; lastKnownFileType = wrapper.framework; name = Reachability.framework; path = Carthage/Build/iOS/Reachability.framework; sourceTree = "<group>"; };
		299AD99E23271D4200CC6932 /* TranslateService.swift */ = {isa = PBXFileReference; lastKnownFileType = sourcecode.swift; path = TranslateService.swift; sourceTree = "<group>"; };
		299AD9B923283E2A00CC6932 /* RxBlocking.framework */ = {isa = PBXFileReference; lastKnownFileType = wrapper.framework; name = RxBlocking.framework; path = Carthage/Build/iOS/RxBlocking.framework; sourceTree = "<group>"; };
		299AD9BD2328BBEF00CC6932 /* MainViewModel.swift */ = {isa = PBXFileReference; lastKnownFileType = sourcecode.swift; path = MainViewModel.swift; sourceTree = "<group>"; };
		299AD9C22328C15700CC6932 /* Result.storyboard */ = {isa = PBXFileReference; lastKnownFileType = file.storyboard; path = Result.storyboard; sourceTree = "<group>"; };
		299AD9C42328C17700CC6932 /* ResultViewController.swift */ = {isa = PBXFileReference; lastKnownFileType = sourcecode.swift; path = ResultViewController.swift; sourceTree = "<group>"; };
		299AD9C72329830000CC6932 /* RxTest.framework */ = {isa = PBXFileReference; lastKnownFileType = wrapper.framework; name = RxTest.framework; path = Carthage/Build/iOS/RxTest.framework; sourceTree = "<group>"; };
		299AD9CD2329A2EA00CC6932 /* PKHUD.framework */ = {isa = PBXFileReference; lastKnownFileType = wrapper.framework; name = PKHUD.framework; path = Carthage/Build/iOS/PKHUD.framework; sourceTree = "<group>"; };
		299AD9D12329F1A600CC6932 /* BorderedButton.swift */ = {isa = PBXFileReference; lastKnownFileType = sourcecode.swift; path = BorderedButton.swift; sourceTree = "<group>"; };
		299AD9D3232B961200CC6932 /* MockTranslateService.swift */ = {isa = PBXFileReference; lastKnownFileType = sourcecode.swift; path = MockTranslateService.swift; sourceTree = "<group>"; };
/* End PBXFileReference section */

/* Begin PBXFrameworksBuildPhase section */
		299AD9512325A59E00CC6932 /* Frameworks */ = {
			isa = PBXFrameworksBuildPhase;
			buildActionMask = 2147483647;
			files = (
				299AD9CE2329A2EB00CC6932 /* PKHUD.framework in Frameworks */,
				299AD99A232605CC00CC6932 /* RxSwift.framework in Frameworks */,
				299AD99B232605CC00CC6932 /* RxCocoa.framework in Frameworks */,
				299AD99C232605CC00CC6932 /* RxRelay.framework in Frameworks */,
				299AD99D232605CC00CC6932 /* Reachability.framework in Frameworks */,
			);
			runOnlyForDeploymentPostprocessing = 0;
		};
		299AD9652325A59F00CC6932 /* Frameworks */ = {
			isa = PBXFrameworksBuildPhase;
			buildActionMask = 2147483647;
			files = (
				299AD9BA23283E2A00CC6932 /* RxBlocking.framework in Frameworks */,
				299AD9B523283E0600CC6932 /* Reachability.framework in Frameworks */,
				299AD9B623283E0600CC6932 /* RxCocoa.framework in Frameworks */,
				299AD9B723283E0600CC6932 /* RxRelay.framework in Frameworks */,
				299AD9B823283E0600CC6932 /* RxSwift.framework in Frameworks */,
			);
			runOnlyForDeploymentPostprocessing = 0;
		};
		299AD9702325A59F00CC6932 /* Frameworks */ = {
			isa = PBXFrameworksBuildPhase;
			buildActionMask = 2147483647;
			files = (
			);
			runOnlyForDeploymentPostprocessing = 0;
		};
/* End PBXFrameworksBuildPhase section */

/* Begin PBXGroup section */
		299AD94B2325A59E00CC6932 = {
			isa = PBXGroup;
			children = (
				299AD9922326044300CC6932 /* input.xcfilelist */,
				299AD9932326045500CC6932 /* output.xcfilelist */,
				299AD9562325A59E00CC6932 /* StringToHiraganaiOS */,
				299AD96B2325A59F00CC6932 /* StringToHiraganaiOSTests */,
				299AD9762325A59F00CC6932 /* StringToHiraganaiOSUITests */,
				299AD9552325A59E00CC6932 /* Products */,
				299AD995232605CC00CC6932 /* Frameworks */,
			);
			sourceTree = "<group>";
		};
		299AD9552325A59E00CC6932 /* Products */ = {
			isa = PBXGroup;
			children = (
				299AD9542325A59E00CC6932 /* StringToHiraganaiOS.app */,
				299AD9682325A59F00CC6932 /* StringToHiraganaiOSTests.xctest */,
				299AD9732325A59F00CC6932 /* StringToHiraganaiOSUITests.xctest */,
			);
			name = Products;
			sourceTree = "<group>";
		};
		299AD9562325A59E00CC6932 /* StringToHiraganaiOS */ = {
			isa = PBXGroup;
			children = (
				299AD9572325A59E00CC6932 /* AppDelegate.swift */,
				299AD9D02329F18600CC6932 /* UI */,
				299AD9C12328C00B00CC6932 /* API */,
				299AD9C02328BFFB00CC6932 /* Service */,
				299AD9BF2328BE5D00CC6932 /* MainViewController */,
				299AD9BC232841D500CC6932 /* ResultViewController */,
				299AD95E2325A59F00CC6932 /* Assets.xcassets */,
				299AD9602325A59F00CC6932 /* LaunchScreen.storyboard */,
				299AD9632325A59F00CC6932 /* Info.plist */,
				299AD98E2325E66C00CC6932 /* key.plist */,
			);
			path = StringToHiraganaiOS;
			sourceTree = "<group>";
		};
		299AD96B2325A59F00CC6932 /* StringToHiraganaiOSTests */ = {
			isa = PBXGroup;
			children = (
				299AD9D3232B961200CC6932 /* MockTranslateService.swift */,
				299AD96C2325A59F00CC6932 /* MainViewModelTests.swift */,
				299AD96E2325A59F00CC6932 /* Info.plist */,
			);
			path = StringToHiraganaiOSTests;
			sourceTree = "<group>";
		};
		299AD9762325A59F00CC6932 /* StringToHiraganaiOSUITests */ = {
			isa = PBXGroup;
			children = (
				299AD9772325A59F00CC6932 /* StringToHiraganaiOSUITests.swift */,
				299AD9792325A59F00CC6932 /* Info.plist */,
			);
			path = StringToHiraganaiOSUITests;
			sourceTree = "<group>";
		};
		299AD995232605CC00CC6932 /* Frameworks */ = {
			isa = PBXGroup;
			children = (
				299AD9CD2329A2EA00CC6932 /* PKHUD.framework */,
				299AD9C72329830000CC6932 /* RxTest.framework */,
				299AD9B923283E2A00CC6932 /* RxBlocking.framework */,
				299AD999232605CC00CC6932 /* Reachability.framework */,
				299AD997232605CC00CC6932 /* RxCocoa.framework */,
				299AD998232605CC00CC6932 /* RxRelay.framework */,
				299AD996232605CC00CC6932 /* RxSwift.framework */,
			);
			name = Frameworks;
			sourceTree = "<group>";
		};
		299AD9BC232841D500CC6932 /* ResultViewController */ = {
			isa = PBXGroup;
			children = (
				299AD9C22328C15700CC6932 /* Result.storyboard */,
				299AD9C42328C17700CC6932 /* ResultViewController.swift */,
			);
			path = ResultViewController;
			sourceTree = "<group>";
		};
		299AD9BF2328BE5D00CC6932 /* MainViewController */ = {
			isa = PBXGroup;
			children = (
				299AD95B2325A59E00CC6932 /* Main.storyboard */,
				299AD9592325A59E00CC6932 /* ViewController.swift */,
				299AD9BD2328BBEF00CC6932 /* MainViewModel.swift */,
			);
			path = MainViewController;
			sourceTree = "<group>";
		};
		299AD9C02328BFFB00CC6932 /* Service */ = {
			isa = PBXGroup;
			children = (
				299AD99E23271D4200CC6932 /* TranslateService.swift */,
			);
			path = Service;
			sourceTree = "<group>";
		};
		299AD9C12328C00B00CC6932 /* API */ = {
			isa = PBXGroup;
			children = (
				299AD9902325EC3300CC6932 /* GooAPI.swift */,
			);
			path = API;
			sourceTree = "<group>";
		};
		299AD9D02329F18600CC6932 /* UI */ = {
			isa = PBXGroup;
			children = (
				299AD9D12329F1A600CC6932 /* BorderedButton.swift */,
			);
			path = UI;
			sourceTree = "<group>";
		};
/* End PBXGroup section */

/* Begin PBXNativeTarget section */
		299AD9532325A59E00CC6932 /* StringToHiraganaiOS */ = {
			isa = PBXNativeTarget;
			buildConfigurationList = 299AD97C2325A59F00CC6932 /* Build configuration list for PBXNativeTarget "StringToHiraganaiOS" */;
			buildPhases = (
				299AD9502325A59E00CC6932 /* Sources */,
				299AD9512325A59E00CC6932 /* Frameworks */,
				299AD9522325A59E00CC6932 /* Resources */,
				299AD9852325B08900CC6932 /* SwiftLint */,
				299AD994232604D900CC6932 /* Carthage */,
			);
			buildRules = (
			);
			dependencies = (
			);
			name = StringToHiraganaiOS;
			productName = StringToHiraganaiOS;
			productReference = 299AD9542325A59E00CC6932 /* StringToHiraganaiOS.app */;
			productType = "com.apple.product-type.application";
		};
		299AD9672325A59F00CC6932 /* StringToHiraganaiOSTests */ = {
			isa = PBXNativeTarget;
			buildConfigurationList = 299AD97F2325A59F00CC6932 /* Build configuration list for PBXNativeTarget "StringToHiraganaiOSTests" */;
			buildPhases = (
				299AD9642325A59F00CC6932 /* Sources */,
				299AD9652325A59F00CC6932 /* Frameworks */,
				299AD9662325A59F00CC6932 /* Resources */,
				299AD9A023283CDE00CC6932 /* CopyFiles */,
			);
			buildRules = (
			);
			dependencies = (
				299AD96A2325A59F00CC6932 /* PBXTargetDependency */,
			);
			name = StringToHiraganaiOSTests;
			productName = StringToHiraganaiOSTests;
			productReference = 299AD9682325A59F00CC6932 /* StringToHiraganaiOSTests.xctest */;
			productType = "com.apple.product-type.bundle.unit-test";
		};
		299AD9722325A59F00CC6932 /* StringToHiraganaiOSUITests */ = {
			isa = PBXNativeTarget;
			buildConfigurationList = 299AD9822325A59F00CC6932 /* Build configuration list for PBXNativeTarget "StringToHiraganaiOSUITests" */;
			buildPhases = (
				299AD96F2325A59F00CC6932 /* Sources */,
				299AD9702325A59F00CC6932 /* Frameworks */,
				299AD9712325A59F00CC6932 /* Resources */,
			);
			buildRules = (
			);
			dependencies = (
				299AD9752325A59F00CC6932 /* PBXTargetDependency */,
			);
			name = StringToHiraganaiOSUITests;
			productName = StringToHiraganaiOSUITests;
			productReference = 299AD9732325A59F00CC6932 /* StringToHiraganaiOSUITests.xctest */;
			productType = "com.apple.product-type.bundle.ui-testing";
		};
/* End PBXNativeTarget section */

/* Begin PBXProject section */
		299AD94C2325A59E00CC6932 /* Project object */ = {
			isa = PBXProject;
			attributes = {
				LastSwiftUpdateCheck = 1030;
				LastUpgradeCheck = 1030;
				ORGANIZATIONNAME = murakammm;
				TargetAttributes = {
					299AD9532325A59E00CC6932 = {
						CreatedOnToolsVersion = 10.3;
					};
					299AD9672325A59F00CC6932 = {
						CreatedOnToolsVersion = 10.3;
						TestTargetID = 299AD9532325A59E00CC6932;
					};
					299AD9722325A59F00CC6932 = {
						CreatedOnToolsVersion = 10.3;
						TestTargetID = 299AD9532325A59E00CC6932;
					};
				};
			};
			buildConfigurationList = 299AD94F2325A59E00CC6932 /* Build configuration list for PBXProject "StringToHiraganaiOS" */;
			compatibilityVersion = "Xcode 9.3";
			developmentRegion = en;
			hasScannedForEncodings = 0;
			knownRegions = (
				en,
				Base,
			);
			mainGroup = 299AD94B2325A59E00CC6932;
			productRefGroup = 299AD9552325A59E00CC6932 /* Products */;
			projectDirPath = "";
			projectRoot = "";
			targets = (
				299AD9532325A59E00CC6932 /* StringToHiraganaiOS */,
				299AD9672325A59F00CC6932 /* StringToHiraganaiOSTests */,
				299AD9722325A59F00CC6932 /* StringToHiraganaiOSUITests */,
			);
		};
/* End PBXProject section */

/* Begin PBXResourcesBuildPhase section */
		299AD9522325A59E00CC6932 /* Resources */ = {
			isa = PBXResourcesBuildPhase;
			buildActionMask = 2147483647;
			files = (
				299AD9C32328C15700CC6932 /* Result.storyboard in Resources */,
				299AD98F2325E66C00CC6932 /* key.plist in Resources */,
				299AD9622325A59F00CC6932 /* LaunchScreen.storyboard in Resources */,
				299AD95F2325A59F00CC6932 /* Assets.xcassets in Resources */,
				299AD95D2325A59E00CC6932 /* Main.storyboard in Resources */,
			);
			runOnlyForDeploymentPostprocessing = 0;
		};
		299AD9662325A59F00CC6932 /* Resources */ = {
			isa = PBXResourcesBuildPhase;
			buildActionMask = 2147483647;
			files = (
			);
			runOnlyForDeploymentPostprocessing = 0;
		};
		299AD9712325A59F00CC6932 /* Resources */ = {
			isa = PBXResourcesBuildPhase;
			buildActionMask = 2147483647;
			files = (
			);
			runOnlyForDeploymentPostprocessing = 0;
		};
/* End PBXResourcesBuildPhase section */

/* Begin PBXShellScriptBuildPhase section */
		299AD9852325B08900CC6932 /* SwiftLint */ = {
			isa = PBXShellScriptBuildPhase;
			buildActionMask = 2147483647;
			files = (
			);
			inputFileListPaths = (
			);
			inputPaths = (
			);
			name = SwiftLint;
			outputFileListPaths = (
			);
			outputPaths = (
			);
			runOnlyForDeploymentPostprocessing = 0;
			shellPath = /bin/sh;
			shellScript = "if which swiftlint >/dev/null; then\nswiftlint\nelse\necho \"warning: SwiftLint not installed, download from https://github.com/realm/SwiftLint\"\nfi\n";
		};
		299AD994232604D900CC6932 /* Carthage */ = {
			isa = PBXShellScriptBuildPhase;
			buildActionMask = 2147483647;
			files = (
			);
			inputFileListPaths = (
				"$(SRCROOT)/input.xcfilelist",
			);
			inputPaths = (
			);
			name = Carthage;
			outputFileListPaths = (
				"$(SRCROOT)/output.xcfilelist",
			);
			outputPaths = (
			);
			runOnlyForDeploymentPostprocessing = 0;
			shellPath = /bin/sh;
			shellScript = "/usr/local/bin/carthage copy-frameworks\n";
		};
/* End PBXShellScriptBuildPhase section */

/* Begin PBXSourcesBuildPhase section */
		299AD9502325A59E00CC6932 /* Sources */ = {
			isa = PBXSourcesBuildPhase;
			buildActionMask = 2147483647;
			files = (
				299AD9BE2328BBEF00CC6932 /* MainViewModel.swift in Sources */,
				299AD99F23271D4200CC6932 /* TranslateService.swift in Sources */,
				299AD95A2325A59E00CC6932 /* ViewController.swift in Sources */,
				299AD9582325A59E00CC6932 /* AppDelegate.swift in Sources */,
				299AD9912325EC3300CC6932 /* GooAPI.swift in Sources */,
				299AD9C52328C17700CC6932 /* ResultViewController.swift in Sources */,
				299AD9D22329F1A600CC6932 /* BorderedButton.swift in Sources */,
			);
			runOnlyForDeploymentPostprocessing = 0;
		};
		299AD9642325A59F00CC6932 /* Sources */ = {
			isa = PBXSourcesBuildPhase;
			buildActionMask = 2147483647;
			files = (
				299AD9D4232B961200CC6932 /* MockTranslateService.swift in Sources */,
				299AD96D2325A59F00CC6932 /* MainViewModelTests.swift in Sources */,
			);
			runOnlyForDeploymentPostprocessing = 0;
		};
		299AD96F2325A59F00CC6932 /* Sources */ = {
			isa = PBXSourcesBuildPhase;
			buildActionMask = 2147483647;
			files = (
				299AD9782325A59F00CC6932 /* StringToHiraganaiOSUITests.swift in Sources */,
			);
			runOnlyForDeploymentPostprocessing = 0;
		};
/* End PBXSourcesBuildPhase section */

/* Begin PBXTargetDependency section */
		299AD96A2325A59F00CC6932 /* PBXTargetDependency */ = {
			isa = PBXTargetDependency;
			target = 299AD9532325A59E00CC6932 /* StringToHiraganaiOS */;
			targetProxy = 299AD9692325A59F00CC6932 /* PBXContainerItemProxy */;
		};
		299AD9752325A59F00CC6932 /* PBXTargetDependency */ = {
			isa = PBXTargetDependency;
			target = 299AD9532325A59E00CC6932 /* StringToHiraganaiOS */;
			targetProxy = 299AD9742325A59F00CC6932 /* PBXContainerItemProxy */;
		};
/* End PBXTargetDependency section */

/* Begin PBXVariantGroup section */
		299AD95B2325A59E00CC6932 /* Main.storyboard */ = {
			isa = PBXVariantGroup;
			children = (
				299AD95C2325A59E00CC6932 /* Base */,
			);
			name = Main.storyboard;
			sourceTree = "<group>";
		};
		299AD9602325A59F00CC6932 /* LaunchScreen.storyboard */ = {
			isa = PBXVariantGroup;
			children = (
				299AD9612325A59F00CC6932 /* Base */,
			);
			name = LaunchScreen.storyboard;
			sourceTree = "<group>";
		};
/* End PBXVariantGroup section */

/* Begin XCBuildConfiguration section */
		299AD97A2325A59F00CC6932 /* Debug */ = {
			isa = XCBuildConfiguration;
			buildSettings = {
				ALWAYS_SEARCH_USER_PATHS = NO;
				CLANG_ANALYZER_NONNULL = YES;
				CLANG_ANALYZER_NUMBER_OBJECT_CONVERSION = YES_AGGRESSIVE;
				CLANG_CXX_LANGUAGE_STANDARD = "gnu++14";
				CLANG_CXX_LIBRARY = "libc++";
				CLANG_ENABLE_MODULES = YES;
				CLANG_ENABLE_OBJC_ARC = YES;
				CLANG_ENABLE_OBJC_WEAK = YES;
				CLANG_WARN_BLOCK_CAPTURE_AUTORELEASING = YES;
				CLANG_WARN_BOOL_CONVERSION = YES;
				CLANG_WARN_COMMA = YES;
				CLANG_WARN_CONSTANT_CONVERSION = YES;
				CLANG_WARN_DEPRECATED_OBJC_IMPLEMENTATIONS = YES;
				CLANG_WARN_DIRECT_OBJC_ISA_USAGE = YES_ERROR;
				CLANG_WARN_DOCUMENTATION_COMMENTS = YES;
				CLANG_WARN_EMPTY_BODY = YES;
				CLANG_WARN_ENUM_CONVERSION = YES;
				CLANG_WARN_INFINITE_RECURSION = YES;
				CLANG_WARN_INT_CONVERSION = YES;
				CLANG_WARN_NON_LITERAL_NULL_CONVERSION = YES;
				CLANG_WARN_OBJC_IMPLICIT_RETAIN_SELF = YES;
				CLANG_WARN_OBJC_LITERAL_CONVERSION = YES;
				CLANG_WARN_OBJC_ROOT_CLASS = YES_ERROR;
				CLANG_WARN_RANGE_LOOP_ANALYSIS = YES;
				CLANG_WARN_STRICT_PROTOTYPES = YES;
				CLANG_WARN_SUSPICIOUS_MOVE = YES;
				CLANG_WARN_UNGUARDED_AVAILABILITY = YES_AGGRESSIVE;
				CLANG_WARN_UNREACHABLE_CODE = YES;
				CLANG_WARN__DUPLICATE_METHOD_MATCH = YES;
				CODE_SIGN_IDENTITY = "iPhone Developer";
				COPY_PHASE_STRIP = NO;
				DEBUG_INFORMATION_FORMAT = dwarf;
				ENABLE_STRICT_OBJC_MSGSEND = YES;
				ENABLE_TESTABILITY = YES;
				GCC_C_LANGUAGE_STANDARD = gnu11;
				GCC_DYNAMIC_NO_PIC = NO;
				GCC_NO_COMMON_BLOCKS = YES;
				GCC_OPTIMIZATION_LEVEL = 0;
				GCC_PREPROCESSOR_DEFINITIONS = (
					"DEBUG=1",
					"$(inherited)",
				);
				GCC_WARN_64_TO_32_BIT_CONVERSION = YES;
				GCC_WARN_ABOUT_RETURN_TYPE = YES_ERROR;
				GCC_WARN_UNDECLARED_SELECTOR = YES;
				GCC_WARN_UNINITIALIZED_AUTOS = YES_AGGRESSIVE;
				GCC_WARN_UNUSED_FUNCTION = YES;
				GCC_WARN_UNUSED_VARIABLE = YES;
				HIRAGANA_URL = "https://labs.goo.ne.jp/api/hiragana";
				IPHONEOS_DEPLOYMENT_TARGET = 12.4;
				MTL_ENABLE_DEBUG_INFO = INCLUDE_SOURCE;
				MTL_FAST_MATH = YES;
				ONLY_ACTIVE_ARCH = YES;
				SDKROOT = iphoneos;
				SWIFT_ACTIVE_COMPILATION_CONDITIONS = DEBUG;
				SWIFT_OPTIMIZATION_LEVEL = "-Onone";
			};
			name = Debug;
		};
		299AD97B2325A59F00CC6932 /* Release */ = {
			isa = XCBuildConfiguration;
			buildSettings = {
				ALWAYS_SEARCH_USER_PATHS = NO;
				CLANG_ANALYZER_NONNULL = YES;
				CLANG_ANALYZER_NUMBER_OBJECT_CONVERSION = YES_AGGRESSIVE;
				CLANG_CXX_LANGUAGE_STANDARD = "gnu++14";
				CLANG_CXX_LIBRARY = "libc++";
				CLANG_ENABLE_MODULES = YES;
				CLANG_ENABLE_OBJC_ARC = YES;
				CLANG_ENABLE_OBJC_WEAK = YES;
				CLANG_WARN_BLOCK_CAPTURE_AUTORELEASING = YES;
				CLANG_WARN_BOOL_CONVERSION = YES;
				CLANG_WARN_COMMA = YES;
				CLANG_WARN_CONSTANT_CONVERSION = YES;
				CLANG_WARN_DEPRECATED_OBJC_IMPLEMENTATIONS = YES;
				CLANG_WARN_DIRECT_OBJC_ISA_USAGE = YES_ERROR;
				CLANG_WARN_DOCUMENTATION_COMMENTS = YES;
				CLANG_WARN_EMPTY_BODY = YES;
				CLANG_WARN_ENUM_CONVERSION = YES;
				CLANG_WARN_INFINITE_RECURSION = YES;
				CLANG_WARN_INT_CONVERSION = YES;
				CLANG_WARN_NON_LITERAL_NULL_CONVERSION = YES;
				CLANG_WARN_OBJC_IMPLICIT_RETAIN_SELF = YES;
				CLANG_WARN_OBJC_LITERAL_CONVERSION = YES;
				CLANG_WARN_OBJC_ROOT_CLASS = YES_ERROR;
				CLANG_WARN_RANGE_LOOP_ANALYSIS = YES;
				CLANG_WARN_STRICT_PROTOTYPES = YES;
				CLANG_WARN_SUSPICIOUS_MOVE = YES;
				CLANG_WARN_UNGUARDED_AVAILABILITY = YES_AGGRESSIVE;
				CLANG_WARN_UNREACHABLE_CODE = YES;
				CLANG_WARN__DUPLICATE_METHOD_MATCH = YES;
				CODE_SIGN_IDENTITY = "iPhone Developer";
				COPY_PHASE_STRIP = NO;
				DEBUG_INFORMATION_FORMAT = "dwarf-with-dsym";
				ENABLE_NS_ASSERTIONS = NO;
				ENABLE_STRICT_OBJC_MSGSEND = YES;
				GCC_C_LANGUAGE_STANDARD = gnu11;
				GCC_NO_COMMON_BLOCKS = YES;
				GCC_WARN_64_TO_32_BIT_CONVERSION = YES;
				GCC_WARN_ABOUT_RETURN_TYPE = YES_ERROR;
				GCC_WARN_UNDECLARED_SELECTOR = YES;
				GCC_WARN_UNINITIALIZED_AUTOS = YES_AGGRESSIVE;
				GCC_WARN_UNUSED_FUNCTION = YES;
				GCC_WARN_UNUSED_VARIABLE = YES;
				HIRAGANA_URL = "https://labs.goo.ne.jp/api/hiragana";
				IPHONEOS_DEPLOYMENT_TARGET = 12.4;
				MTL_ENABLE_DEBUG_INFO = NO;
				MTL_FAST_MATH = YES;
				SDKROOT = iphoneos;
				SWIFT_COMPILATION_MODE = wholemodule;
				SWIFT_OPTIMIZATION_LEVEL = "-O";
				VALIDATE_PRODUCT = YES;
			};
			name = Release;
		};
		299AD97D2325A59F00CC6932 /* Debug */ = {
			isa = XCBuildConfiguration;
			buildSettings = {
				ASSETCATALOG_COMPILER_APPICON_NAME = AppIcon;
				CODE_SIGN_STYLE = Automatic;
				DEVELOPMENT_TEAM = AFZF43X7V9;
				FRAMEWORK_SEARCH_PATHS = (
					"$(inherited)",
					"$(PROJECT_DIR)/Carthage/Build/iOS",
				);
				INFOPLIST_FILE = StringToHiraganaiOS/Info.plist;
				IPHONEOS_DEPLOYMENT_TARGET = 12.0;
				LD_RUNPATH_SEARCH_PATHS = (
					"$(inherited)",
					"@executable_path/Frameworks",
				);
				PRODUCT_BUNDLE_IDENTIFIER = com.murakammm.StringToHiraganaiOS;
				PRODUCT_NAME = "$(TARGET_NAME)";
				SWIFT_VERSION = 5.0;
				TARGETED_DEVICE_FAMILY = "1,2";
			};
			name = Debug;
		};
		299AD97E2325A59F00CC6932 /* Release */ = {
			isa = XCBuildConfiguration;
			buildSettings = {
				ASSETCATALOG_COMPILER_APPICON_NAME = AppIcon;
				CODE_SIGN_STYLE = Automatic;
				DEVELOPMENT_TEAM = AFZF43X7V9;
				FRAMEWORK_SEARCH_PATHS = (
					"$(inherited)",
					"$(PROJECT_DIR)/Carthage/Build/iOS",
				);
				INFOPLIST_FILE = StringToHiraganaiOS/Info.plist;
				IPHONEOS_DEPLOYMENT_TARGET = 12.0;
				LD_RUNPATH_SEARCH_PATHS = (
					"$(inherited)",
					"@executable_path/Frameworks",
				);
				PRODUCT_BUNDLE_IDENTIFIER = com.murakammm.StringToHiraganaiOS;
				PRODUCT_NAME = "$(TARGET_NAME)";
				SWIFT_VERSION = 5.0;
				TARGETED_DEVICE_FAMILY = "1,2";
			};
			name = Release;
		};
		299AD9802325A59F00CC6932 /* Debug */ = {
			isa = XCBuildConfiguration;
			buildSettings = {
				ALWAYS_EMBED_SWIFT_STANDARD_LIBRARIES = YES;
				BUNDLE_LOADER = "$(TEST_HOST)";
				CODE_SIGN_STYLE = Automatic;
				DEVELOPMENT_TEAM = AFZF43X7V9;
				FRAMEWORK_SEARCH_PATHS = (
					"$(inherited)",
					"$(PROJECT_DIR)",
					"$(PROJECT_DIR)/Carthage/Build/iOS",
				);
				INFOPLIST_FILE = StringToHiraganaiOSTests/Info.plist;
				LD_RUNPATH_SEARCH_PATHS = (
					"$(inherited)",
					"@executable_path/Frameworks",
					"@loader_path/Frameworks",
				);
				PRODUCT_BUNDLE_IDENTIFIER = com.murakammm.StringToHiraganaiOSTests;
				PRODUCT_NAME = "$(TARGET_NAME)";
				SWIFT_VERSION = 5.0;
				TARGETED_DEVICE_FAMILY = "1,2";
				TEST_HOST = "$(BUILT_PRODUCTS_DIR)/StringToHiraganaiOS.app/StringToHiraganaiOS";
			};
			name = Debug;
		};
		299AD9812325A59F00CC6932 /* Release */ = {
			isa = XCBuildConfiguration;
			buildSettings = {
				ALWAYS_EMBED_SWIFT_STANDARD_LIBRARIES = YES;
				BUNDLE_LOADER = "$(TEST_HOST)";
				CODE_SIGN_STYLE = Automatic;
				DEVELOPMENT_TEAM = AFZF43X7V9;
				FRAMEWORK_SEARCH_PATHS = (
					"$(inherited)",
					"$(PROJECT_DIR)",
					"$(PROJECT_DIR)/Carthage/Build/iOS",
				);
				INFOPLIST_FILE = StringToHiraganaiOSTests/Info.plist;
				LD_RUNPATH_SEARCH_PATHS = (
					"$(inherited)",
					"@executable_path/Frameworks",
					"@loader_path/Frameworks",
				);
				PRODUCT_BUNDLE_IDENTIFIER = com.murakammm.StringToHiraganaiOSTests;
				PRODUCT_NAME = "$(TARGET_NAME)";
				SWIFT_VERSION = 5.0;
				TARGETED_DEVICE_FAMILY = "1,2";
				TEST_HOST = "$(BUILT_PRODUCTS_DIR)/StringToHiraganaiOS.app/StringToHiraganaiOS";
			};
			name = Release;
		};
		299AD9832325A59F00CC6932 /* Debug */ = {
			isa = XCBuildConfiguration;
			buildSettings = {
				ALWAYS_EMBED_SWIFT_STANDARD_LIBRARIES = YES;
				CODE_SIGN_STYLE = Automatic;
				DEVELOPMENT_TEAM = AFZF43X7V9;
				INFOPLIST_FILE = StringToHiraganaiOSUITests/Info.plist;
				LD_RUNPATH_SEARCH_PATHS = (
					"$(inherited)",
					"@executable_path/Frameworks",
					"@loader_path/Frameworks",
				);
				PRODUCT_BUNDLE_IDENTIFIER = com.murakammm.StringToHiraganaiOSUITests;
				PRODUCT_NAME = "$(TARGET_NAME)";
				SWIFT_VERSION = 5.0;
				TARGETED_DEVICE_FAMILY = "1,2";
				TEST_TARGET_NAME = StringToHiraganaiOS;
			};
			name = Debug;
		};
		299AD9842325A59F00CC6932 /* Release */ = {
			isa = XCBuildConfiguration;
			buildSettings = {
				ALWAYS_EMBED_SWIFT_STANDARD_LIBRARIES = YES;
				CODE_SIGN_STYLE = Automatic;
				DEVELOPMENT_TEAM = AFZF43X7V9;
				INFOPLIST_FILE = StringToHiraganaiOSUITests/Info.plist;
				LD_RUNPATH_SEARCH_PATHS = (
					"$(inherited)",
					"@executable_path/Frameworks",
					"@loader_path/Frameworks",
				);
				PRODUCT_BUNDLE_IDENTIFIER = com.murakammm.StringToHiraganaiOSUITests;
				PRODUCT_NAME = "$(TARGET_NAME)";
				SWIFT_VERSION = 5.0;
				TARGETED_DEVICE_FAMILY = "1,2";
				TEST_TARGET_NAME = StringToHiraganaiOS;
			};
			name = Release;
		};
/* End XCBuildConfiguration section */

/* Begin XCConfigurationList section */
		299AD94F2325A59E00CC6932 /* Build configuration list for PBXProject "StringToHiraganaiOS" */ = {
			isa = XCConfigurationList;
			buildConfigurations = (
				299AD97A2325A59F00CC6932 /* Debug */,
				299AD97B2325A59F00CC6932 /* Release */,
			);
			defaultConfigurationIsVisible = 0;
			defaultConfigurationName = Release;
		};
		299AD97C2325A59F00CC6932 /* Build configuration list for PBXNativeTarget "StringToHiraganaiOS" */ = {
			isa = XCConfigurationList;
			buildConfigurations = (
				299AD97D2325A59F00CC6932 /* Debug */,
				299AD97E2325A59F00CC6932 /* Release */,
			);
			defaultConfigurationIsVisible = 0;
			defaultConfigurationName = Release;
		};
		299AD97F2325A59F00CC6932 /* Build configuration list for PBXNativeTarget "StringToHiraganaiOSTests" */ = {
			isa = XCConfigurationList;
			buildConfigurations = (
				299AD9802325A59F00CC6932 /* Debug */,
				299AD9812325A59F00CC6932 /* Release */,
			);
			defaultConfigurationIsVisible = 0;
			defaultConfigurationName = Release;
		};
		299AD9822325A59F00CC6932 /* Build configuration list for PBXNativeTarget "StringToHiraganaiOSUITests" */ = {
			isa = XCConfigurationList;
			buildConfigurations = (
				299AD9832325A59F00CC6932 /* Debug */,
				299AD9842325A59F00CC6932 /* Release */,
			);
			defaultConfigurationIsVisible = 0;
			defaultConfigurationName = Release;
		};
/* End XCConfigurationList section */
	};
	rootObject = 299AD94C2325A59E00CC6932 /* Project object */;
}
